// !$*UTF8*$!
{
	archiveVersion = 1;
	classes = {
	};
	objectVersion = 50;
	objects = {

/* Begin PBXBuildFile section */
		7C26324126C2654400454B00 /* AppDelegate.m in Sources */ = {isa = PBXBuildFile; fileRef = 7C26324026C2654400454B00 /* AppDelegate.m */; };
		7C26324426C2654400454B00 /* SceneDelegate.m in Sources */ = {isa = PBXBuildFile; fileRef = 7C26324326C2654400454B00 /* SceneDelegate.m */; };
		7C26324726C2654400454B00 /* ViewController.m in Sources */ = {isa = PBXBuildFile; fileRef = 7C26324626C2654400454B00 /* ViewController.m */; };
		7C26324A26C2654400454B00 /* Main.storyboard in Resources */ = {isa = PBXBuildFile; fileRef = 7C26324826C2654400454B00 /* Main.storyboard */; };
		7C26324C26C2654800454B00 /* Assets.xcassets in Resources */ = {isa = PBXBuildFile; fileRef = 7C26324B26C2654800454B00 /* Assets.xcassets */; };
		7C26324F26C2654800454B00 /* LaunchScreen.storyboard in Resources */ = {isa = PBXBuildFile; fileRef = 7C26324D26C2654800454B00 /* LaunchScreen.storyboard */; };
		7C26325226C2654800454B00 /* main.m in Sources */ = {isa = PBXBuildFile; fileRef = 7C26325126C2654800454B00 /* main.m */; };
		7C26325F26C2685800454B00 /* NSString+Utils.m in Sources */ = {isa = PBXBuildFile; fileRef = 7C26325E26C2685800454B00 /* NSString+Utils.m */; };
		7C26326226C26EF000454B00 /* NSData+Utils.m in Sources */ = {isa = PBXBuildFile; fileRef = 7C26326126C26EF000454B00 /* NSData+Utils.m */; };
		7C26326526C3617100454B00 /* NSArray+Utils.m in Sources */ = {isa = PBXBuildFile; fileRef = 7C26326426C3617100454B00 /* NSArray+Utils.m */; };
		7C26326826C3621700454B00 /* NSMutableArray+Utils.m in Sources */ = {isa = PBXBuildFile; fileRef = 7C26326726C3621700454B00 /* NSMutableArray+Utils.m */; };
		7C26326B26C3642C00454B00 /* NSDate+Utils.m in Sources */ = {isa = PBXBuildFile; fileRef = 7C26326A26C3642C00454B00 /* NSDate+Utils.m */; };
		7C26326E26C364F000454B00 /* NSAttributedString+Utils.m in Sources */ = {isa = PBXBuildFile; fileRef = 7C26326D26C364F000454B00 /* NSAttributedString+Utils.m */; };
		7C26327126C3654A00454B00 /* NSDateFormatter+Utils.m in Sources */ = {isa = PBXBuildFile; fileRef = 7C26327026C3654A00454B00 /* NSDateFormatter+Utils.m */; };
		7C26327426C3659C00454B00 /* NSDictionary+Utils.m in Sources */ = {isa = PBXBuildFile; fileRef = 7C26327326C3659C00454B00 /* NSDictionary+Utils.m */; };
		7C26327726C3660A00454B00 /* NSNumber+Utils.m in Sources */ = {isa = PBXBuildFile; fileRef = 7C26327626C3660A00454B00 /* NSNumber+Utils.m */; };
		7C26327A26C3667300454B00 /* NSError+Utils.m in Sources */ = {isa = PBXBuildFile; fileRef = 7C26327926C3667300454B00 /* NSError+Utils.m */; };
		7C26327D26C3686400454B00 /* NSFileManager+Utils.m in Sources */ = {isa = PBXBuildFile; fileRef = 7C26327C26C3686400454B00 /* NSFileManager+Utils.m */; };
		7C26328026C3696500454B00 /* NSNull+Utils.m in Sources */ = {isa = PBXBuildFile; fileRef = 7C26327F26C3696500454B00 /* NSNull+Utils.m */; };
		7C26328326C369ED00454B00 /* NSObject+Utils.m in Sources */ = {isa = PBXBuildFile; fileRef = 7C26328226C369ED00454B00 /* NSObject+Utils.m */; };
		7C26328626C36A3900454B00 /* NSURL+Utils.m in Sources */ = {isa = PBXBuildFile; fileRef = 7C26328526C36A3900454B00 /* NSURL+Utils.m */; };
		7C26328A26C3D4E500454B00 /* UIColor+Utils.m in Sources */ = {isa = PBXBuildFile; fileRef = 7C26328926C3D4E500454B00 /* UIColor+Utils.m */; };
		7C26328D26C3F11B00454B00 /* UIImage+Utils.m in Sources */ = {isa = PBXBuildFile; fileRef = 7C26328C26C3F11B00454B00 /* UIImage+Utils.m */; };
		7C26329026C4CCAE00454B00 /* UIButton+Utils.m in Sources */ = {isa = PBXBuildFile; fileRef = 7C26328F26C4CCAE00454B00 /* UIButton+Utils.m */; };
/* End PBXBuildFile section */

/* Begin PBXFileReference section */
		7C26323C26C2654400454B00 /* OC_Utils.app */ = {isa = PBXFileReference; explicitFileType = wrapper.application; includeInIndex = 0; path = OC_Utils.app; sourceTree = BUILT_PRODUCTS_DIR; };
		7C26323F26C2654400454B00 /* AppDelegate.h */ = {isa = PBXFileReference; lastKnownFileType = sourcecode.c.h; path = AppDelegate.h; sourceTree = "<group>"; };
		7C26324026C2654400454B00 /* AppDelegate.m */ = {isa = PBXFileReference; lastKnownFileType = sourcecode.c.objc; path = AppDelegate.m; sourceTree = "<group>"; };
		7C26324226C2654400454B00 /* SceneDelegate.h */ = {isa = PBXFileReference; lastKnownFileType = sourcecode.c.h; path = SceneDelegate.h; sourceTree = "<group>"; };
		7C26324326C2654400454B00 /* SceneDelegate.m */ = {isa = PBXFileReference; lastKnownFileType = sourcecode.c.objc; path = SceneDelegate.m; sourceTree = "<group>"; };
		7C26324526C2654400454B00 /* ViewController.h */ = {isa = PBXFileReference; lastKnownFileType = sourcecode.c.h; path = ViewController.h; sourceTree = "<group>"; };
		7C26324626C2654400454B00 /* ViewController.m */ = {isa = PBXFileReference; lastKnownFileType = sourcecode.c.objc; path = ViewController.m; sourceTree = "<group>"; };
		7C26324926C2654400454B00 /* Base */ = {isa = PBXFileReference; lastKnownFileType = file.storyboard; name = Base; path = Base.lproj/Main.storyboard; sourceTree = "<group>"; };
		7C26324B26C2654800454B00 /* Assets.xcassets */ = {isa = PBXFileReference; lastKnownFileType = folder.assetcatalog; path = Assets.xcassets; sourceTree = "<group>"; };
		7C26324E26C2654800454B00 /* Base */ = {isa = PBXFileReference; lastKnownFileType = file.storyboard; name = Base; path = Base.lproj/LaunchScreen.storyboard; sourceTree = "<group>"; };
		7C26325026C2654800454B00 /* Info.plist */ = {isa = PBXFileReference; lastKnownFileType = text.plist.xml; path = Info.plist; sourceTree = "<group>"; };
		7C26325126C2654800454B00 /* main.m */ = {isa = PBXFileReference; lastKnownFileType = sourcecode.c.objc; path = main.m; sourceTree = "<group>"; };
		7C26325D26C2685800454B00 /* NSString+Utils.h */ = {isa = PBXFileReference; lastKnownFileType = sourcecode.c.h; path = "NSString+Utils.h"; sourceTree = "<group>"; };
		7C26325E26C2685800454B00 /* NSString+Utils.m */ = {isa = PBXFileReference; lastKnownFileType = sourcecode.c.objc; path = "NSString+Utils.m"; sourceTree = "<group>"; };
		7C26326026C26EF000454B00 /* NSData+Utils.h */ = {isa = PBXFileReference; lastKnownFileType = sourcecode.c.h; path = "NSData+Utils.h"; sourceTree = "<group>"; };
		7C26326126C26EF000454B00 /* NSData+Utils.m */ = {isa = PBXFileReference; lastKnownFileType = sourcecode.c.objc; path = "NSData+Utils.m"; sourceTree = "<group>"; };
		7C26326326C3617100454B00 /* NSArray+Utils.h */ = {isa = PBXFileReference; lastKnownFileType = sourcecode.c.h; path = "NSArray+Utils.h"; sourceTree = "<group>"; };
		7C26326426C3617100454B00 /* NSArray+Utils.m */ = {isa = PBXFileReference; lastKnownFileType = sourcecode.c.objc; path = "NSArray+Utils.m"; sourceTree = "<group>"; };
		7C26326626C3621700454B00 /* NSMutableArray+Utils.h */ = {isa = PBXFileReference; lastKnownFileType = sourcecode.c.h; path = "NSMutableArray+Utils.h"; sourceTree = "<group>"; };
		7C26326726C3621700454B00 /* NSMutableArray+Utils.m */ = {isa = PBXFileReference; lastKnownFileType = sourcecode.c.objc; path = "NSMutableArray+Utils.m"; sourceTree = "<group>"; };
		7C26326926C3642C00454B00 /* NSDate+Utils.h */ = {isa = PBXFileReference; lastKnownFileType = sourcecode.c.h; path = "NSDate+Utils.h"; sourceTree = "<group>"; };
		7C26326A26C3642C00454B00 /* NSDate+Utils.m */ = {isa = PBXFileReference; lastKnownFileType = sourcecode.c.objc; path = "NSDate+Utils.m"; sourceTree = "<group>"; };
		7C26326C26C364F000454B00 /* NSAttributedString+Utils.h */ = {isa = PBXFileReference; lastKnownFileType = sourcecode.c.h; path = "NSAttributedString+Utils.h"; sourceTree = "<group>"; };
		7C26326D26C364F000454B00 /* NSAttributedString+Utils.m */ = {isa = PBXFileReference; lastKnownFileType = sourcecode.c.objc; path = "NSAttributedString+Utils.m"; sourceTree = "<group>"; };
		7C26326F26C3654A00454B00 /* NSDateFormatter+Utils.h */ = {isa = PBXFileReference; lastKnownFileType = sourcecode.c.h; path = "NSDateFormatter+Utils.h"; sourceTree = "<group>"; };
		7C26327026C3654A00454B00 /* NSDateFormatter+Utils.m */ = {isa = PBXFileReference; lastKnownFileType = sourcecode.c.objc; path = "NSDateFormatter+Utils.m"; sourceTree = "<group>"; };
		7C26327226C3659C00454B00 /* NSDictionary+Utils.h */ = {isa = PBXFileReference; lastKnownFileType = sourcecode.c.h; path = "NSDictionary+Utils.h"; sourceTree = "<group>"; };
		7C26327326C3659C00454B00 /* NSDictionary+Utils.m */ = {isa = PBXFileReference; lastKnownFileType = sourcecode.c.objc; path = "NSDictionary+Utils.m"; sourceTree = "<group>"; };
		7C26327526C3660A00454B00 /* NSNumber+Utils.h */ = {isa = PBXFileReference; lastKnownFileType = sourcecode.c.h; path = "NSNumber+Utils.h"; sourceTree = "<group>"; };
		7C26327626C3660A00454B00 /* NSNumber+Utils.m */ = {isa = PBXFileReference; lastKnownFileType = sourcecode.c.objc; path = "NSNumber+Utils.m"; sourceTree = "<group>"; };
		7C26327826C3667300454B00 /* NSError+Utils.h */ = {isa = PBXFileReference; lastKnownFileType = sourcecode.c.h; path = "NSError+Utils.h"; sourceTree = "<group>"; };
		7C26327926C3667300454B00 /* NSError+Utils.m */ = {isa = PBXFileReference; lastKnownFileType = sourcecode.c.objc; path = "NSError+Utils.m"; sourceTree = "<group>"; };
		7C26327B26C3686400454B00 /* NSFileManager+Utils.h */ = {isa = PBXFileReference; lastKnownFileType = sourcecode.c.h; path = "NSFileManager+Utils.h"; sourceTree = "<group>"; };
		7C26327C26C3686400454B00 /* NSFileManager+Utils.m */ = {isa = PBXFileReference; lastKnownFileType = sourcecode.c.objc; path = "NSFileManager+Utils.m"; sourceTree = "<group>"; };
		7C26327E26C3696500454B00 /* NSNull+Utils.h */ = {isa = PBXFileReference; lastKnownFileType = sourcecode.c.h; path = "NSNull+Utils.h"; sourceTree = "<group>"; };
		7C26327F26C3696500454B00 /* NSNull+Utils.m */ = {isa = PBXFileReference; lastKnownFileType = sourcecode.c.objc; path = "NSNull+Utils.m"; sourceTree = "<group>"; };
		7C26328126C369ED00454B00 /* NSObject+Utils.h */ = {isa = PBXFileReference; lastKnownFileType = sourcecode.c.h; path = "NSObject+Utils.h"; sourceTree = "<group>"; };
		7C26328226C369ED00454B00 /* NSObject+Utils.m */ = {isa = PBXFileReference; lastKnownFileType = sourcecode.c.objc; path = "NSObject+Utils.m"; sourceTree = "<group>"; };
		7C26328426C36A3900454B00 /* NSURL+Utils.h */ = {isa = PBXFileReference; lastKnownFileType = sourcecode.c.h; path = "NSURL+Utils.h"; sourceTree = "<group>"; };
		7C26328526C36A3900454B00 /* NSURL+Utils.m */ = {isa = PBXFileReference; lastKnownFileType = sourcecode.c.objc; path = "NSURL+Utils.m"; sourceTree = "<group>"; };
		7C26328826C3D4E500454B00 /* UIColor+Utils.h */ = {isa = PBXFileReference; lastKnownFileType = sourcecode.c.h; path = "UIColor+Utils.h"; sourceTree = "<group>"; };
		7C26328926C3D4E500454B00 /* UIColor+Utils.m */ = {isa = PBXFileReference; lastKnownFileType = sourcecode.c.objc; path = "UIColor+Utils.m"; sourceTree = "<group>"; };
		7C26328B26C3F11B00454B00 /* UIImage+Utils.h */ = {isa = PBXFileReference; lastKnownFileType = sourcecode.c.h; path = "UIImage+Utils.h"; sourceTree = "<group>"; };
		7C26328C26C3F11B00454B00 /* UIImage+Utils.m */ = {isa = PBXFileReference; lastKnownFileType = sourcecode.c.objc; path = "UIImage+Utils.m"; sourceTree = "<group>"; };
		7C26328E26C4CCAE00454B00 /* UIButton+Utils.h */ = {isa = PBXFileReference; lastKnownFileType = sourcecode.c.h; path = "UIButton+Utils.h"; sourceTree = "<group>"; };
		7C26328F26C4CCAE00454B00 /* UIButton+Utils.m */ = {isa = PBXFileReference; lastKnownFileType = sourcecode.c.objc; path = "UIButton+Utils.m"; sourceTree = "<group>"; };
/* End PBXFileReference section */

/* Begin PBXFrameworksBuildPhase section */
		7C26323926C2654400454B00 /* Frameworks */ = {
			isa = PBXFrameworksBuildPhase;
			buildActionMask = 2147483647;
			files = (
			);
			runOnlyForDeploymentPostprocessing = 0;
		};
/* End PBXFrameworksBuildPhase section */

/* Begin PBXGroup section */
		7C26323326C2654400454B00 = {
			isa = PBXGroup;
			children = (
				7C26323E26C2654400454B00 /* OC_Utils */,
				7C26323D26C2654400454B00 /* Products */,
			);
			sourceTree = "<group>";
		};
		7C26323D26C2654400454B00 /* Products */ = {
			isa = PBXGroup;
			children = (
				7C26323C26C2654400454B00 /* OC_Utils.app */,
			);
			name = Products;
			sourceTree = "<group>";
		};
		7C26323E26C2654400454B00 /* OC_Utils */ = {
			isa = PBXGroup;
			children = (
				7C26328726C3CEE900454B00 /* UIKit */,
				7C26325C26C2680200454B00 /* Foundation */,
				7C26323F26C2654400454B00 /* AppDelegate.h */,
				7C26324026C2654400454B00 /* AppDelegate.m */,
				7C26324226C2654400454B00 /* SceneDelegate.h */,
				7C26324326C2654400454B00 /* SceneDelegate.m */,
				7C26324526C2654400454B00 /* ViewController.h */,
				7C26324626C2654400454B00 /* ViewController.m */,
				7C26324826C2654400454B00 /* Main.storyboard */,
				7C26324B26C2654800454B00 /* Assets.xcassets */,
				7C26324D26C2654800454B00 /* LaunchScreen.storyboard */,
				7C26325026C2654800454B00 /* Info.plist */,
				7C26325126C2654800454B00 /* main.m */,
			);
			path = OC_Utils;
			sourceTree = "<group>";
		};
		7C26325C26C2680200454B00 /* Foundation */ = {
			isa = PBXGroup;
			children = (
				7C26325D26C2685800454B00 /* NSString+Utils.h */,
				7C26325E26C2685800454B00 /* NSString+Utils.m */,
				7C26326026C26EF000454B00 /* NSData+Utils.h */,
				7C26326126C26EF000454B00 /* NSData+Utils.m */,
				7C26326326C3617100454B00 /* NSArray+Utils.h */,
				7C26326426C3617100454B00 /* NSArray+Utils.m */,
				7C26326626C3621700454B00 /* NSMutableArray+Utils.h */,
				7C26326726C3621700454B00 /* NSMutableArray+Utils.m */,
				7C26326926C3642C00454B00 /* NSDate+Utils.h */,
				7C26326A26C3642C00454B00 /* NSDate+Utils.m */,
				7C26326C26C364F000454B00 /* NSAttributedString+Utils.h */,
				7C26326D26C364F000454B00 /* NSAttributedString+Utils.m */,
				7C26326F26C3654A00454B00 /* NSDateFormatter+Utils.h */,
				7C26327026C3654A00454B00 /* NSDateFormatter+Utils.m */,
				7C26327226C3659C00454B00 /* NSDictionary+Utils.h */,
				7C26327326C3659C00454B00 /* NSDictionary+Utils.m */,
				7C26327526C3660A00454B00 /* NSNumber+Utils.h */,
				7C26327626C3660A00454B00 /* NSNumber+Utils.m */,
				7C26327826C3667300454B00 /* NSError+Utils.h */,
				7C26327926C3667300454B00 /* NSError+Utils.m */,
				7C26327B26C3686400454B00 /* NSFileManager+Utils.h */,
				7C26327C26C3686400454B00 /* NSFileManager+Utils.m */,
				7C26327E26C3696500454B00 /* NSNull+Utils.h */,
				7C26327F26C3696500454B00 /* NSNull+Utils.m */,
				7C26328126C369ED00454B00 /* NSObject+Utils.h */,
				7C26328226C369ED00454B00 /* NSObject+Utils.m */,
				7C26328426C36A3900454B00 /* NSURL+Utils.h */,
				7C26328526C36A3900454B00 /* NSURL+Utils.m */,
			);
			path = Foundation;
			sourceTree = "<group>";
		};
		7C26328726C3CEE900454B00 /* UIKit */ = {
			isa = PBXGroup;
			children = (
				7C26328826C3D4E500454B00 /* UIColor+Utils.h */,
				7C26328926C3D4E500454B00 /* UIColor+Utils.m */,
				7C26328B26C3F11B00454B00 /* UIImage+Utils.h */,
				7C26328C26C3F11B00454B00 /* UIImage+Utils.m */,
				7C26328E26C4CCAE00454B00 /* UIButton+Utils.h */,
				7C26328F26C4CCAE00454B00 /* UIButton+Utils.m */,
			);
			path = UIKit;
			sourceTree = "<group>";
		};
/* End PBXGroup section */

/* Begin PBXNativeTarget section */
		7C26323B26C2654400454B00 /* OC_Utils */ = {
			isa = PBXNativeTarget;
			buildConfigurationList = 7C26325526C2654800454B00 /* Build configuration list for PBXNativeTarget "OC_Utils" */;
			buildPhases = (
				7C26323826C2654400454B00 /* Sources */,
				7C26323926C2654400454B00 /* Frameworks */,
				7C26323A26C2654400454B00 /* Resources */,
			);
			buildRules = (
			);
			dependencies = (
			);
			name = OC_Utils;
			productName = OC_Utils;
			productReference = 7C26323C26C2654400454B00 /* OC_Utils.app */;
			productType = "com.apple.product-type.application";
		};
/* End PBXNativeTarget section */

/* Begin PBXProject section */
		7C26323426C2654400454B00 /* Project object */ = {
			isa = PBXProject;
			attributes = {
				LastUpgradeCheck = 1250;
				TargetAttributes = {
					7C26323B26C2654400454B00 = {
						CreatedOnToolsVersion = 12.5;
					};
				};
			};
			buildConfigurationList = 7C26323726C2654400454B00 /* Build configuration list for PBXProject "OC_Utils" */;
			compatibilityVersion = "Xcode 9.3";
			developmentRegion = en;
			hasScannedForEncodings = 0;
			knownRegions = (
				en,
				Base,
			);
			mainGroup = 7C26323326C2654400454B00;
			productRefGroup = 7C26323D26C2654400454B00 /* Products */;
			projectDirPath = "";
			projectRoot = "";
			targets = (
				7C26323B26C2654400454B00 /* OC_Utils */,
			);
		};
/* End PBXProject section */

/* Begin PBXResourcesBuildPhase section */
		7C26323A26C2654400454B00 /* Resources */ = {
			isa = PBXResourcesBuildPhase;
			buildActionMask = 2147483647;
			files = (
				7C26324F26C2654800454B00 /* LaunchScreen.storyboard in Resources */,
				7C26324C26C2654800454B00 /* Assets.xcassets in Resources */,
				7C26324A26C2654400454B00 /* Main.storyboard in Resources */,
			);
			runOnlyForDeploymentPostprocessing = 0;
		};
/* End PBXResourcesBuildPhase section */

/* Begin PBXSourcesBuildPhase section */
		7C26323826C2654400454B00 /* Sources */ = {
			isa = PBXSourcesBuildPhase;
			buildActionMask = 2147483647;
			files = (
				7C26326226C26EF000454B00 /* NSData+Utils.m in Sources */,
				7C26328026C3696500454B00 /* NSNull+Utils.m in Sources */,
				7C26326E26C364F000454B00 /* NSAttributedString+Utils.m in Sources */,
				7C26328A26C3D4E500454B00 /* UIColor+Utils.m in Sources */,
				7C26324726C2654400454B00 /* ViewController.m in Sources */,
				7C26328626C36A3900454B00 /* NSURL+Utils.m in Sources */,
				7C26329026C4CCAE00454B00 /* UIButton+Utils.m in Sources */,
				7C26327D26C3686400454B00 /* NSFileManager+Utils.m in Sources */,
				7C26324126C2654400454B00 /* AppDelegate.m in Sources */,
				7C26327126C3654A00454B00 /* NSDateFormatter+Utils.m in Sources */,
				7C26325F26C2685800454B00 /* NSString+Utils.m in Sources */,
				7C26326B26C3642C00454B00 /* NSDate+Utils.m in Sources */,
				7C26327A26C3667300454B00 /* NSError+Utils.m in Sources */,
				7C26325226C2654800454B00 /* main.m in Sources */,
				7C26326526C3617100454B00 /* NSArray+Utils.m in Sources */,
				7C26327726C3660A00454B00 /* NSNumber+Utils.m in Sources */,
				7C26324426C2654400454B00 /* SceneDelegate.m in Sources */,
				7C26327426C3659C00454B00 /* NSDictionary+Utils.m in Sources */,
				7C26328326C369ED00454B00 /* NSObject+Utils.m in Sources */,
				7C26326826C3621700454B00 /* NSMutableArray+Utils.m in Sources */,
				7C26328D26C3F11B00454B00 /* UIImage+Utils.m in Sources */,
			);
			runOnlyForDeploymentPostprocessing = 0;
		};
/* End PBXSourcesBuildPhase section */

/* Begin PBXVariantGroup section */
		7C26324826C2654400454B00 /* Main.storyboard */ = {
			isa = PBXVariantGroup;
			children = (
				7C26324926C2654400454B00 /* Base */,
			);
			name = Main.storyboard;
			sourceTree = "<group>";
		};
		7C26324D26C2654800454B00 /* LaunchScreen.storyboard */ = {
			isa = PBXVariantGroup;
			children = (
				7C26324E26C2654800454B00 /* Base */,
			);
			name = LaunchScreen.storyboard;
			sourceTree = "<group>";
		};
/* End PBXVariantGroup section */

/* Begin XCBuildConfiguration section */
		7C26325326C2654800454B00 /* Debug */ = {
			isa = XCBuildConfiguration;
			buildSettings = {
				ALWAYS_SEARCH_USER_PATHS = NO;
				CLANG_ANALYZER_NONNULL = YES;
				CLANG_ANALYZER_NUMBER_OBJECT_CONVERSION = YES_AGGRESSIVE;
				CLANG_CXX_LANGUAGE_STANDARD = "gnu++14";
				CLANG_CXX_LIBRARY = "libc++";
				CLANG_ENABLE_MODULES = YES;
				CLANG_ENABLE_OBJC_ARC = YES;
				CLANG_ENABLE_OBJC_WEAK = YES;
				CLANG_WARN_BLOCK_CAPTURE_AUTORELEASING = YES;
				CLANG_WARN_BOOL_CONVERSION = YES;
				CLANG_WARN_COMMA = YES;
				CLANG_WARN_CONSTANT_CONVERSION = YES;
				CLANG_WARN_DEPRECATED_OBJC_IMPLEMENTATIONS = YES;
				CLANG_WARN_DIRECT_OBJC_ISA_USAGE = YES_ERROR;
				CLANG_WARN_DOCUMENTATION_COMMENTS = YES;
				CLANG_WARN_EMPTY_BODY = YES;
				CLANG_WARN_ENUM_CONVERSION = YES;
				CLANG_WARN_INFINITE_RECURSION = YES;
				CLANG_WARN_INT_CONVERSION = YES;
				CLANG_WARN_NON_LITERAL_NULL_CONVERSION = YES;
				CLANG_WARN_OBJC_IMPLICIT_RETAIN_SELF = YES;
				CLANG_WARN_OBJC_LITERAL_CONVERSION = YES;
				CLANG_WARN_OBJC_ROOT_CLASS = YES_ERROR;
				CLANG_WARN_QUOTED_INCLUDE_IN_FRAMEWORK_HEADER = YES;
				CLANG_WARN_RANGE_LOOP_ANALYSIS = YES;
				CLANG_WARN_STRICT_PROTOTYPES = YES;
				CLANG_WARN_SUSPICIOUS_MOVE = YES;
				CLANG_WARN_UNGUARDED_AVAILABILITY = YES_AGGRESSIVE;
				CLANG_WARN_UNREACHABLE_CODE = YES;
				CLANG_WARN__DUPLICATE_METHOD_MATCH = YES;
				COPY_PHASE_STRIP = NO;
				DEBUG_INFORMATION_FORMAT = dwarf;
				ENABLE_STRICT_OBJC_MSGSEND = YES;
				ENABLE_TESTABILITY = YES;
				GCC_C_LANGUAGE_STANDARD = gnu11;
				GCC_DYNAMIC_NO_PIC = NO;
				GCC_NO_COMMON_BLOCKS = YES;
				GCC_OPTIMIZATION_LEVEL = 0;
				GCC_PREPROCESSOR_DEFINITIONS = (
					"DEBUG=1",
					"$(inherited)",
				);
				GCC_WARN_64_TO_32_BIT_CONVERSION = YES;
				GCC_WARN_ABOUT_RETURN_TYPE = YES_ERROR;
				GCC_WARN_UNDECLARED_SELECTOR = YES;
				GCC_WARN_UNINITIALIZED_AUTOS = YES_AGGRESSIVE;
				GCC_WARN_UNUSED_FUNCTION = YES;
				GCC_WARN_UNUSED_VARIABLE = YES;
				IPHONEOS_DEPLOYMENT_TARGET = 14.5;
				MTL_ENABLE_DEBUG_INFO = INCLUDE_SOURCE;
				MTL_FAST_MATH = YES;
				ONLY_ACTIVE_ARCH = YES;
				SDKROOT = iphoneos;
			};
			name = Debug;
		};
		7C26325426C2654800454B00 /* Release */ = {
			isa = XCBuildConfiguration;
			buildSettings = {
				ALWAYS_SEARCH_USER_PATHS = NO;
				CLANG_ANALYZER_NONNULL = YES;
				CLANG_ANALYZER_NUMBER_OBJECT_CONVERSION = YES_AGGRESSIVE;
				CLANG_CXX_LANGUAGE_STANDARD = "gnu++14";
				CLANG_CXX_LIBRARY = "libc++";
				CLANG_ENABLE_MODULES = YES;
				CLANG_ENABLE_OBJC_ARC = YES;
				CLANG_ENABLE_OBJC_WEAK = YES;
				CLANG_WARN_BLOCK_CAPTURE_AUTORELEASING = YES;
				CLANG_WARN_BOOL_CONVERSION = YES;
				CLANG_WARN_COMMA = YES;
				CLANG_WARN_CONSTANT_CONVERSION = YES;
				CLANG_WARN_DEPRECATED_OBJC_IMPLEMENTATIONS = YES;
				CLANG_WARN_DIRECT_OBJC_ISA_USAGE = YES_ERROR;
				CLANG_WARN_DOCUMENTATION_COMMENTS = YES;
				CLANG_WARN_EMPTY_BODY = YES;
				CLANG_WARN_ENUM_CONVERSION = YES;
				CLANG_WARN_INFINITE_RECURSION = YES;
				CLANG_WARN_INT_CONVERSION = YES;
				CLANG_WARN_NON_LITERAL_NULL_CONVERSION = YES;
				CLANG_WARN_OBJC_IMPLICIT_RETAIN_SELF = YES;
				CLANG_WARN_OBJC_LITERAL_CONVERSION = YES;
				CLANG_WARN_OBJC_ROOT_CLASS = YES_ERROR;
				CLANG_WARN_QUOTED_INCLUDE_IN_FRAMEWORK_HEADER = YES;
				CLANG_WARN_RANGE_LOOP_ANALYSIS = YES;
				CLANG_WARN_STRICT_PROTOTYPES = YES;
				CLANG_WARN_SUSPICIOUS_MOVE = YES;
				CLANG_WARN_UNGUARDED_AVAILABILITY = YES_AGGRESSIVE;
				CLANG_WARN_UNREACHABLE_CODE = YES;
				CLANG_WARN__DUPLICATE_METHOD_MATCH = YES;
				COPY_PHASE_STRIP = NO;
				DEBUG_INFORMATION_FORMAT = "dwarf-with-dsym";
				ENABLE_NS_ASSERTIONS = NO;
				ENABLE_STRICT_OBJC_MSGSEND = YES;
				GCC_C_LANGUAGE_STANDARD = gnu11;
				GCC_NO_COMMON_BLOCKS = YES;
				GCC_WARN_64_TO_32_BIT_CONVERSION = YES;
				GCC_WARN_ABOUT_RETURN_TYPE = YES_ERROR;
				GCC_WARN_UNDECLARED_SELECTOR = YES;
				GCC_WARN_UNINITIALIZED_AUTOS = YES_AGGRESSIVE;
				GCC_WARN_UNUSED_FUNCTION = YES;
				GCC_WARN_UNUSED_VARIABLE = YES;
				IPHONEOS_DEPLOYMENT_TARGET = 14.5;
				MTL_ENABLE_DEBUG_INFO = NO;
				MTL_FAST_MATH = YES;
				SDKROOT = iphoneos;
				VALIDATE_PRODUCT = YES;
			};
			name = Release;
		};
		7C26325626C2654800454B00 /* Debug */ = {
			isa = XCBuildConfiguration;
			buildSettings = {
				ASSETCATALOG_COMPILER_APPICON_NAME = AppIcon;
				ASSETCATALOG_COMPILER_GLOBAL_ACCENT_COLOR_NAME = AccentColor;
				CODE_SIGN_STYLE = Automatic;
				INFOPLIST_FILE = OC_Utils/Info.plist;
				LD_RUNPATH_SEARCH_PATHS = (
					"$(inherited)",
					"@executable_path/Frameworks",
				);
				PRODUCT_BUNDLE_IDENTIFIER = "WWQ.OC-Utils";
				PRODUCT_NAME = "$(TARGET_NAME)";
				TARGETED_DEVICE_FAMILY = "1,2";
			};
			name = Debug;
		};
		7C26325726C2654800454B00 /* Release */ = {
			isa = XCBuildConfiguration;
			buildSettings = {
				ASSETCATALOG_COMPILER_APPICON_NAME = AppIcon;
				ASSETCATALOG_COMPILER_GLOBAL_ACCENT_COLOR_NAME = AccentColor;
				CODE_SIGN_STYLE = Automatic;
				INFOPLIST_FILE = OC_Utils/Info.plist;
				LD_RUNPATH_SEARCH_PATHS = (
					"$(inherited)",
					"@executable_path/Frameworks",
				);
				PRODUCT_BUNDLE_IDENTIFIER = "WWQ.OC-Utils";
				PRODUCT_NAME = "$(TARGET_NAME)";
				TARGETED_DEVICE_FAMILY = "1,2";
			};
			name = Release;
		};
/* End XCBuildConfiguration section */

/* Begin XCConfigurationList section */
		7C26323726C2654400454B00 /* Build configuration list for PBXProject "OC_Utils" */ = {
			isa = XCConfigurationList;
			buildConfigurations = (
				7C26325326C2654800454B00 /* Debug */,
				7C26325426C2654800454B00 /* Release */,
			);
			defaultConfigurationIsVisible = 0;
			defaultConfigurationName = Release;
		};
		7C26325526C2654800454B00 /* Build configuration list for PBXNativeTarget "OC_Utils" */ = {
			isa = XCConfigurationList;
			buildConfigurations = (
				7C26325626C2654800454B00 /* Debug */,
				7C26325726C2654800454B00 /* Release */,
			);
			defaultConfigurationIsVisible = 0;
			defaultConfigurationName = Release;
		};
/* End XCConfigurationList section */
	};
	rootObject = 7C26323426C2654400454B00 /* Project object */;
}
